
Microsoft Visual Studio Solution File, Format Version 12.00
# Visual Studio Version 16
VisualStudioVersion = 16.0.30413.136
MinimumVisualStudioVersion = 10.0.40219.1
Project("{FAE04EC0-301F-11D3-BF4B-00C04F79EFBC}") = "LinkedListStackAndQueue", "LinkedListStackAndQueue\LinkedListStackAndQueue.csproj", "{FE2349DB-E9E9-483F-984D-4F8602B2DBF1}"
EndProject
Global
	GlobalSection(SolutionConfigurationPlatforms) = preSolution
		Debug|Any CPU = Debug|Any CPU
		Release|Any CPU = Release|Any CPU
	EndGlobalSection
	GlobalSection(ProjectConfigurationPlatforms) = postSolution
		{FE2349DB-E9E9-483F-984D-4F8602B2DBF1}.Debug|Any CPU.ActiveCfg = Debug|Any CPU
		{FE2349DB-E9E9-483F-984D-4F8602B2DBF1}.Debug|Any CPU.Build.0 = Debug|Any CPU
		{FE2349DB-E9E9-483F-984D-4F8602B2DBF1}.Release|Any CPU.ActiveCfg = Release|Any CPU
		{FE2349DB-E9E9-483F-984D-4F8602B2DBF1}.Release|Any CPU.Build.0 = Release|Any CPU
	EndGlobalSection
	GlobalSection(SolutionProperties) = preSolution
		HideSolutionNode = FALSE
	EndGlobalSection
	GlobalSection(ExtensibilityGlobals) = postSolution
		SolutionGuid = {459E442A-C570-4ECF-B7BF-D513166B0681}
	EndGlobalSection
EndGlobal
